
Microsoft Visual Studio Solution File, Format Version 12.00
# Visual Studio Version 16
VisualStudioVersion = 16.0.31005.135
MinimumVisualStudioVersion = 10.0.40219.1
Project("{8BC9CEB8-8B4A-11D0-8D11-00A0C91BC942}") = "263A - Beautiful Matrix", "263A - Beautiful Matrix\263A - Beautiful Matrix.vcxproj", "{76C730BD-3338-4642-8850-15A618E95157}"
EndProject
Global
	GlobalSection(SolutionConfigurationPlatforms) = preSolution
		Debug|x64 = Debug|x64
		Debug|x86 = Debug|x86
		Release|x64 = Release|x64
		Release|x86 = Release|x86
	EndGlobalSection
	GlobalSection(ProjectConfigurationPlatforms) = postSolution
		{76C730BD-3338-4642-8850-15A618E95157}.Debug|x64.ActiveCfg = Debug|x64
		{76C730BD-3338-4642-8850-15A618E95157}.Debug|x64.Build.0 = Debug|x64
		{76C730BD-3338-4642-8850-15A618E95157}.Debug|x86.ActiveCfg = Debug|Win32
		{76C730BD-3338-4642-8850-15A618E95157}.Debug|x86.Build.0 = Debug|Win32
		{76C730BD-3338-4642-8850-15A618E95157}.Release|x64.ActiveCfg = Release|x64
		{76C730BD-3338-4642-8850-15A618E95157}.Release|x64.Build.0 = Release|x64
		{76C730BD-3338-4642-8850-15A618E95157}.Release|x86.ActiveCfg = Release|Win32
		{76C730BD-3338-4642-8850-15A618E95157}.Release|x86.Build.0 = Release|Win32
	EndGlobalSection
	GlobalSection(SolutionProperties) = preSolution
		HideSolutionNode = FALSE
	EndGlobalSection
	GlobalSection(ExtensibilityGlobals) = postSolution
		SolutionGuid = {B21A787E-1D5F-4CBD-A95F-B532C6A3AE70}
	EndGlobalSection
EndGlobal
